
Microsoft Visual Studio Solution File, Format Version 12.00
# Visual Studio 15
VisualStudioVersion = 15.0.27703.2000
MinimumVisualStudioVersion = 10.0.40219.1
Project("{888888A0-9F3D-457C-B088-3A5042F75D52}") = "TensorflowLearn", "PythonApplication1\TensorflowLearn.pyproj", "{D32611B8-A430-438B-8FFE-A35C073EE220}"
EndProject
Global
	GlobalSection(SolutionConfigurationPlatforms) = preSolution
		Debug|Any CPU = Debug|Any CPU
		Release|Any CPU = Release|Any CPU
	EndGlobalSection
	GlobalSection(ProjectConfigurationPlatforms) = postSolution
		{D32611B8-A430-438B-8FFE-A35C073EE220}.Debug|Any CPU.ActiveCfg = Debug|Any CPU
		{D32611B8-A430-438B-8FFE-A35C073EE220}.Release|Any CPU.ActiveCfg = Release|Any CPU
	EndGlobalSection
	GlobalSection(SolutionProperties) = preSolution
		HideSolutionNode = FALSE
	EndGlobalSection
	GlobalSection(ExtensibilityGlobals) = postSolution
		SolutionGuid = {DA5FED9F-B959-4EF7-949E-B7129496A975}
	EndGlobalSection
EndGlobal
